
Microsoft Visual Studio Solution File, Format Version 12.00
# Visual Studio Version 17
VisualStudioVersion = 17.2.32526.322
MinimumVisualStudioVersion = 10.0.40219.1
Project("{FAE04EC0-301F-11D3-BF4B-00C04F79EFBC}") = "pryEjXRSP1", "pryEjXRSP1\pryEjXRSP1.csproj", "{8A0AE4F1-CED5-472F-B4E8-71C85E66F722}"
EndProject
Global
	GlobalSection(SolutionConfigurationPlatforms) = preSolution
		Debug|Any CPU = Debug|Any CPU
		Release|Any CPU = Release|Any CPU
	EndGlobalSection
	GlobalSection(ProjectConfigurationPlatforms) = postSolution
		{8A0AE4F1-CED5-472F-B4E8-71C85E66F722}.Debug|Any CPU.ActiveCfg = Debug|Any CPU
		{8A0AE4F1-CED5-472F-B4E8-71C85E66F722}.Debug|Any CPU.Build.0 = Debug|Any CPU
		{8A0AE4F1-CED5-472F-B4E8-71C85E66F722}.Release|Any CPU.ActiveCfg = Release|Any CPU
		{8A0AE4F1-CED5-472F-B4E8-71C85E66F722}.Release|Any CPU.Build.0 = Release|Any CPU
	EndGlobalSection
	GlobalSection(SolutionProperties) = preSolution
		HideSolutionNode = FALSE
	EndGlobalSection
	GlobalSection(ExtensibilityGlobals) = postSolution
		SolutionGuid = {58FB8650-59F7-4658-AC0F-3268216488CD}
	EndGlobalSection
EndGlobal
